
Microsoft Visual Studio Solution File, Format Version 12.00
# Visual Studio Version 17
VisualStudioVersion = 17.9.34622.214
MinimumVisualStudioVersion = 10.0.40219.1
Project("{FAE04EC0-301F-11D3-BF4B-00C04F79EFBC}") = "SignUpApi", "SignUpApi\SignUpApi.csproj", "{AEB003CA-0D74-430B-A57F-8DB4F680337B}"
EndProject
Project("{FAE04EC0-301F-11D3-BF4B-00C04F79EFBC}") = "Application", "Application\Application.csproj", "{4C286433-1F94-4341-815C-BE2E69DA51D0}"
EndProject
Project("{FAE04EC0-301F-11D3-BF4B-00C04F79EFBC}") = "Domain", "Domain\Domain.csproj", "{42E6C4B1-238B-4670-BAB5-63056BD91284}"
EndProject
Project("{FAE04EC0-301F-11D3-BF4B-00C04F79EFBC}") = "Infrastructure", "Infrastructure\Infrastructure.csproj", "{180E8139-EC95-4BEB-A992-00A609FFADEE}"
EndProject
Global
	GlobalSection(SolutionConfigurationPlatforms) = preSolution
		Debug|Any CPU = Debug|Any CPU
		Release|Any CPU = Release|Any CPU
	EndGlobalSection
	GlobalSection(ProjectConfigurationPlatforms) = postSolution
		{AEB003CA-0D74-430B-A57F-8DB4F680337B}.Debug|Any CPU.ActiveCfg = Debug|Any CPU
		{AEB003CA-0D74-430B-A57F-8DB4F680337B}.Debug|Any CPU.Build.0 = Debug|Any CPU
		{AEB003CA-0D74-430B-A57F-8DB4F680337B}.Release|Any CPU.ActiveCfg = Release|Any CPU
		{AEB003CA-0D74-430B-A57F-8DB4F680337B}.Release|Any CPU.Build.0 = Release|Any CPU
		{4C286433-1F94-4341-815C-BE2E69DA51D0}.Debug|Any CPU.ActiveCfg = Debug|Any CPU
		{4C286433-1F94-4341-815C-BE2E69DA51D0}.Debug|Any CPU.Build.0 = Debug|Any CPU
		{4C286433-1F94-4341-815C-BE2E69DA51D0}.Release|Any CPU.ActiveCfg = Release|Any CPU
		{4C286433-1F94-4341-815C-BE2E69DA51D0}.Release|Any CPU.Build.0 = Release|Any CPU
		{42E6C4B1-238B-4670-BAB5-63056BD91284}.Debug|Any CPU.ActiveCfg = Debug|Any CPU
		{42E6C4B1-238B-4670-BAB5-63056BD91284}.Debug|Any CPU.Build.0 = Debug|Any CPU
		{42E6C4B1-238B-4670-BAB5-63056BD91284}.Release|Any CPU.ActiveCfg = Release|Any CPU
		{42E6C4B1-238B-4670-BAB5-63056BD91284}.Release|Any CPU.Build.0 = Release|Any CPU
		{180E8139-EC95-4BEB-A992-00A609FFADEE}.Debug|Any CPU.ActiveCfg = Debug|Any CPU
		{180E8139-EC95-4BEB-A992-00A609FFADEE}.Debug|Any CPU.Build.0 = Debug|Any CPU
		{180E8139-EC95-4BEB-A992-00A609FFADEE}.Release|Any CPU.ActiveCfg = Release|Any CPU
		{180E8139-EC95-4BEB-A992-00A609FFADEE}.Release|Any CPU.Build.0 = Release|Any CPU
	EndGlobalSection
	GlobalSection(SolutionProperties) = preSolution
		HideSolutionNode = FALSE
	EndGlobalSection
	GlobalSection(ExtensibilityGlobals) = postSolution
		SolutionGuid = {28824D87-22DF-48A9-B9E5-70CFE4C46069}
	EndGlobalSection
EndGlobal
